
Microsoft Visual Studio Solution File, Format Version 12.00
Project("{FAE04EC0-301F-11D3-BF4B-00C04F79EFBC}") = "MessageR", "MessageR\MessageR.csproj", "{43094183-B946-4160-B3AA-110C80BAD587}"
EndProject
Project("{FAE04EC0-301F-11D3-BF4B-00C04F79EFBC}") = "MessageR.Test", "MessageR.Test\MessageR.Test.csproj", "{82B094E3-5B60-4615-961C-7EF7BA0060DD}"
EndProject
Global
	GlobalSection(SolutionConfigurationPlatforms) = preSolution
		Debug|Any CPU = Debug|Any CPU
		Release|Any CPU = Release|Any CPU
	EndGlobalSection
	GlobalSection(ProjectConfigurationPlatforms) = postSolution
		{43094183-B946-4160-B3AA-110C80BAD587}.Debug|Any CPU.ActiveCfg = Debug|Any CPU
		{43094183-B946-4160-B3AA-110C80BAD587}.Debug|Any CPU.Build.0 = Debug|Any CPU
		{43094183-B946-4160-B3AA-110C80BAD587}.Release|Any CPU.ActiveCfg = Release|Any CPU
		{43094183-B946-4160-B3AA-110C80BAD587}.Release|Any CPU.Build.0 = Release|Any CPU
		{82B094E3-5B60-4615-961C-7EF7BA0060DD}.Debug|Any CPU.ActiveCfg = Debug|Any CPU
		{82B094E3-5B60-4615-961C-7EF7BA0060DD}.Debug|Any CPU.Build.0 = Debug|Any CPU
		{82B094E3-5B60-4615-961C-7EF7BA0060DD}.Release|Any CPU.ActiveCfg = Release|Any CPU
		{82B094E3-5B60-4615-961C-7EF7BA0060DD}.Release|Any CPU.Build.0 = Release|Any CPU
	EndGlobalSection
EndGlobal
